// !$*UTF8*$!
{
	archiveVersion = 1;
	classes = {
	};
	objectVersion = 50;
	objects = {

/* Begin PBXBuildFile section */
		661ABEE7231A971000220C5A /* Service.swift in Sources */ = {isa = PBXBuildFile; fileRef = 661ABEE6231A971000220C5A /* Service.swift */; };
		666412A62318AFA700E12330 /* AppDelegate.swift in Sources */ = {isa = PBXBuildFile; fileRef = 666412A52318AFA700E12330 /* AppDelegate.swift */; };
		666412A82318AFA700E12330 /* ViewController.swift in Sources */ = {isa = PBXBuildFile; fileRef = 666412A72318AFA700E12330 /* ViewController.swift */; };
		666412AB2318AFA700E12330 /* Main.storyboard in Resources */ = {isa = PBXBuildFile; fileRef = 666412A92318AFA700E12330 /* Main.storyboard */; };
		666412AE2318AFA700E12330 /* PlanCoreData.xcdatamodeld in Sources */ = {isa = PBXBuildFile; fileRef = 666412AC2318AFA700E12330 /* PlanCoreData.xcdatamodeld */; };
		666412B02318AFA800E12330 /* Assets.xcassets in Resources */ = {isa = PBXBuildFile; fileRef = 666412AF2318AFA800E12330 /* Assets.xcassets */; };
		666412B32318AFA800E12330 /* LaunchScreen.storyboard in Resources */ = {isa = PBXBuildFile; fileRef = 666412B12318AFA800E12330 /* LaunchScreen.storyboard */; };
		666412BB2318B5CE00E12330 /* InputPlanViewController.swift in Sources */ = {isa = PBXBuildFile; fileRef = 666412BA2318B5CE00E12330 /* InputPlanViewController.swift */; };
		666412BE2318D94800E12330 /* CostomTableViewCell.swift in Sources */ = {isa = PBXBuildFile; fileRef = 666412BC2318D94800E12330 /* CostomTableViewCell.swift */; };
		666412BF2318D94800E12330 /* CostomTableViewCell.xib in Resources */ = {isa = PBXBuildFile; fileRef = 666412BD2318D94800E12330 /* CostomTableViewCell.xib */; };
		666412C12318E7DE00E12330 /* PlanModel.swift in Sources */ = {isa = PBXBuildFile; fileRef = 666412C02318E7DE00E12330 /* PlanModel.swift */; };
/* End PBXBuildFile section */

/* Begin PBXFileReference section */
		661ABEE6231A971000220C5A /* Service.swift */ = {isa = PBXFileReference; lastKnownFileType = sourcecode.swift; path = Service.swift; sourceTree = "<group>"; };
		6646708D231E80690005A66B /* PlanCoreData.sqlite */ = {isa = PBXFileReference; lastKnownFileType = file; path = PlanCoreData.sqlite; sourceTree = "<group>"; };
		666412A22318AFA700E12330 /* PlanCoreData.app */ = {isa = PBXFileReference; explicitFileType = wrapper.application; includeInIndex = 0; path = PlanCoreData.app; sourceTree = BUILT_PRODUCTS_DIR; };
		666412A52318AFA700E12330 /* AppDelegate.swift */ = {isa = PBXFileReference; lastKnownFileType = sourcecode.swift; path = AppDelegate.swift; sourceTree = "<group>"; };
		666412A72318AFA700E12330 /* ViewController.swift */ = {isa = PBXFileReference; lastKnownFileType = sourcecode.swift; path = ViewController.swift; sourceTree = "<group>"; };
		666412AA2318AFA700E12330 /* Base */ = {isa = PBXFileReference; lastKnownFileType = file.storyboard; name = Base; path = Base.lproj/Main.storyboard; sourceTree = "<group>"; };
		666412AD2318AFA700E12330 /* PlanCoreData.xcdatamodel */ = {isa = PBXFileReference; lastKnownFileType = wrapper.xcdatamodel; path = PlanCoreData.xcdatamodel; sourceTree = "<group>"; };
		666412AF2318AFA800E12330 /* Assets.xcassets */ = {isa = PBXFileReference; lastKnownFileType = folder.assetcatalog; path = Assets.xcassets; sourceTree = "<group>"; };
		666412B22318AFA800E12330 /* Base */ = {isa = PBXFileReference; lastKnownFileType = file.storyboard; name = Base; path = Base.lproj/LaunchScreen.storyboard; sourceTree = "<group>"; };
		666412B42318AFA800E12330 /* Info.plist */ = {isa = PBXFileReference; lastKnownFileType = text.plist.xml; path = Info.plist; sourceTree = "<group>"; };
		666412BA2318B5CE00E12330 /* InputPlanViewController.swift */ = {isa = PBXFileReference; lastKnownFileType = sourcecode.swift; path = InputPlanViewController.swift; sourceTree = "<group>"; };
		666412BC2318D94800E12330 /* CostomTableViewCell.swift */ = {isa = PBXFileReference; lastKnownFileType = sourcecode.swift; path = CostomTableViewCell.swift; sourceTree = "<group>"; };
		666412BD2318D94800E12330 /* CostomTableViewCell.xib */ = {isa = PBXFileReference; lastKnownFileType = file.xib; path = CostomTableViewCell.xib; sourceTree = "<group>"; };
		666412C02318E7DE00E12330 /* PlanModel.swift */ = {isa = PBXFileReference; lastKnownFileType = sourcecode.swift; path = PlanModel.swift; sourceTree = "<group>"; };
		666412C3231A0C2A00E12330 /* MyPlayground.playground */ = {isa = PBXFileReference; lastKnownFileType = file.playground; path = MyPlayground.playground; sourceTree = "<group>"; xcLanguageSpecificationIdentifier = xcode.lang.swift; };
/* End PBXFileReference section */

/* Begin PBXFrameworksBuildPhase section */
		6664129F2318AFA700E12330 /* Frameworks */ = {
			isa = PBXFrameworksBuildPhase;
			buildActionMask = 2147483647;
			files = (
			);
			runOnlyForDeploymentPostprocessing = 0;
		};
/* End PBXFrameworksBuildPhase section */

/* Begin PBXGroup section */
		661ABEE2231A48E000220C5A /* Model */ = {
			isa = PBXGroup;
			children = (
				666412C02318E7DE00E12330 /* PlanModel.swift */,
			);
			name = Model;
			sourceTree = "<group>";
		};
		661ABEE5231A96F400220C5A /* Service */ = {
			isa = PBXGroup;
			children = (
				661ABEE6231A971000220C5A /* Service.swift */,
			);
			path = Service;
			sourceTree = "<group>";
		};
		666412992318AFA700E12330 = {
			isa = PBXGroup;
			children = (
				666412A42318AFA700E12330 /* PlanCoreData */,
				666412A32318AFA700E12330 /* Products */,
			);
			sourceTree = "<group>";
		};
		666412A32318AFA700E12330 /* Products */ = {
			isa = PBXGroup;
			children = (
				666412A22318AFA700E12330 /* PlanCoreData.app */,
			);
			name = Products;
			sourceTree = "<group>";
		};
		666412A42318AFA700E12330 /* PlanCoreData */ = {
			isa = PBXGroup;
			children = (
				661ABEE5231A96F400220C5A /* Service */,
				661ABEE2231A48E000220C5A /* Model */,
				666412A52318AFA700E12330 /* AppDelegate.swift */,
				666412A72318AFA700E12330 /* ViewController.swift */,
				666412BA2318B5CE00E12330 /* InputPlanViewController.swift */,
				666412BC2318D94800E12330 /* CostomTableViewCell.swift */,
				666412BD2318D94800E12330 /* CostomTableViewCell.xib */,
				666412A92318AFA700E12330 /* Main.storyboard */,
				666412AF2318AFA800E12330 /* Assets.xcassets */,
				666412B12318AFA800E12330 /* LaunchScreen.storyboard */,
				6646708D231E80690005A66B /* PlanCoreData.sqlite */,
				666412B42318AFA800E12330 /* Info.plist */,
				666412AC2318AFA700E12330 /* PlanCoreData.xcdatamodeld */,
				666412C3231A0C2A00E12330 /* MyPlayground.playground */,
			);
			path = PlanCoreData;
			sourceTree = "<group>";
		};
/* End PBXGroup section */

/* Begin PBXNativeTarget section */
		666412A12318AFA700E12330 /* PlanCoreData */ = {
			isa = PBXNativeTarget;
			buildConfigurationList = 666412B72318AFA800E12330 /* Build configuration list for PBXNativeTarget "PlanCoreData" */;
			buildPhases = (
				6664129E2318AFA700E12330 /* Sources */,
				6664129F2318AFA700E12330 /* Frameworks */,
				666412A02318AFA700E12330 /* Resources */,
			);
			buildRules = (
			);
			dependencies = (
			);
			name = PlanCoreData;
			productName = PlanCoreData;
			productReference = 666412A22318AFA700E12330 /* PlanCoreData.app */;
			productType = "com.apple.product-type.application";
		};
/* End PBXNativeTarget section */

/* Begin PBXProject section */
		6664129A2318AFA700E12330 /* Project object */ = {
			isa = PBXProject;
			attributes = {
				LastSwiftUpdateCheck = 1030;
				LastUpgradeCheck = 1030;
				ORGANIZATIONNAME = "Eizo Tsuboi";
				TargetAttributes = {
					666412A12318AFA700E12330 = {
						CreatedOnToolsVersion = 10.3;
					};
				};
			};
			buildConfigurationList = 6664129D2318AFA700E12330 /* Build configuration list for PBXProject "PlanCoreData" */;
			compatibilityVersion = "Xcode 9.3";
			developmentRegion = en;
			hasScannedForEncodings = 0;
			knownRegions = (
				en,
				Base,
			);
			mainGroup = 666412992318AFA700E12330;
			productRefGroup = 666412A32318AFA700E12330 /* Products */;
			projectDirPath = "";
			projectRoot = "";
			targets = (
				666412A12318AFA700E12330 /* PlanCoreData */,
			);
		};
/* End PBXProject section */

/* Begin PBXResourcesBuildPhase section */
		666412A02318AFA700E12330 /* Resources */ = {
			isa = PBXResourcesBuildPhase;
			buildActionMask = 2147483647;
			files = (
				666412BF2318D94800E12330 /* CostomTableViewCell.xib in Resources */,
				666412B32318AFA800E12330 /* LaunchScreen.storyboard in Resources */,
				666412B02318AFA800E12330 /* Assets.xcassets in Resources */,
				666412AB2318AFA700E12330 /* Main.storyboard in Resources */,
			);
			runOnlyForDeploymentPostprocessing = 0;
		};
/* End PBXResourcesBuildPhase section */

/* Begin PBXSourcesBuildPhase section */
		6664129E2318AFA700E12330 /* Sources */ = {
			isa = PBXSourcesBuildPhase;
			buildActionMask = 2147483647;
			files = (
				666412AE2318AFA700E12330 /* PlanCoreData.xcdatamodeld in Sources */,
				661ABEE7231A971000220C5A /* Service.swift in Sources */,
				666412BE2318D94800E12330 /* CostomTableViewCell.swift in Sources */,
				666412A82318AFA700E12330 /* ViewController.swift in Sources */,
				666412C12318E7DE00E12330 /* PlanModel.swift in Sources */,
				666412BB2318B5CE00E12330 /* InputPlanViewController.swift in Sources */,
				666412A62318AFA700E12330 /* AppDelegate.swift in Sources */,
			);
			runOnlyForDeploymentPostprocessing = 0;
		};
/* End PBXSourcesBuildPhase section */

/* Begin PBXVariantGroup section */
		666412A92318AFA700E12330 /* Main.storyboard */ = {
			isa = PBXVariantGroup;
			children = (
				666412AA2318AFA700E12330 /* Base */,
			);
			name = Main.storyboard;
			sourceTree = "<group>";
		};
		666412B12318AFA800E12330 /* LaunchScreen.storyboard */ = {
			isa = PBXVariantGroup;
			children = (
				666412B22318AFA800E12330 /* Base */,
			);
			name = LaunchScreen.storyboard;
			sourceTree = "<group>";
		};
/* End PBXVariantGroup section */

/* Begin XCBuildConfiguration section */
		666412B52318AFA800E12330 /* Debug */ = {
			isa = XCBuildConfiguration;
			buildSettings = {
				ALWAYS_SEARCH_USER_PATHS = NO;
				CLANG_ANALYZER_NONNULL = YES;
				CLANG_ANALYZER_NUMBER_OBJECT_CONVERSION = YES_AGGRESSIVE;
				CLANG_CXX_LANGUAGE_STANDARD = "gnu++14";
				CLANG_CXX_LIBRARY = "libc++";
				CLANG_ENABLE_MODULES = YES;
				CLANG_ENABLE_OBJC_ARC = YES;
				CLANG_ENABLE_OBJC_WEAK = YES;
				CLANG_WARN_BLOCK_CAPTURE_AUTORELEASING = YES;
				CLANG_WARN_BOOL_CONVERSION = YES;
				CLANG_WARN_COMMA = YES;
				CLANG_WARN_CONSTANT_CONVERSION = YES;
				CLANG_WARN_DEPRECATED_OBJC_IMPLEMENTATIONS = YES;
				CLANG_WARN_DIRECT_OBJC_ISA_USAGE = YES_ERROR;
				CLANG_WARN_DOCUMENTATION_COMMENTS = YES;
				CLANG_WARN_EMPTY_BODY = YES;
				CLANG_WARN_ENUM_CONVERSION = YES;
				CLANG_WARN_INFINITE_RECURSION = YES;
				CLANG_WARN_INT_CONVERSION = YES;
				CLANG_WARN_NON_LITERAL_NULL_CONVERSION = YES;
				CLANG_WARN_OBJC_IMPLICIT_RETAIN_SELF = YES;
				CLANG_WARN_OBJC_LITERAL_CONVERSION = YES;
				CLANG_WARN_OBJC_ROOT_CLASS = YES_ERROR;
				CLANG_WARN_RANGE_LOOP_ANALYSIS = YES;
				CLANG_WARN_STRICT_PROTOTYPES = YES;
				CLANG_WARN_SUSPICIOUS_MOVE = YES;
				CLANG_WARN_UNGUARDED_AVAILABILITY = YES_AGGRESSIVE;
				CLANG_WARN_UNREACHABLE_CODE = YES;
				CLANG_WARN__DUPLICATE_METHOD_MATCH = YES;
				CODE_SIGN_IDENTITY = "iPhone Developer";
				COPY_PHASE_STRIP = NO;
				DEBUG_INFORMATION_FORMAT = dwarf;
				ENABLE_STRICT_OBJC_MSGSEND = YES;
				ENABLE_TESTABILITY = YES;
				GCC_C_LANGUAGE_STANDARD = gnu11;
				GCC_DYNAMIC_NO_PIC = NO;
				GCC_NO_COMMON_BLOCKS = YES;
				GCC_OPTIMIZATION_LEVEL = 0;
				GCC_PREPROCESSOR_DEFINITIONS = (
					"DEBUG=1",
					"$(inherited)",
				);
				GCC_WARN_64_TO_32_BIT_CONVERSION = YES;
				GCC_WARN_ABOUT_RETURN_TYPE = YES_ERROR;
				GCC_WARN_UNDECLARED_SELECTOR = YES;
				GCC_WARN_UNINITIALIZED_AUTOS = YES_AGGRESSIVE;
				GCC_WARN_UNUSED_FUNCTION = YES;
				GCC_WARN_UNUSED_VARIABLE = YES;
				IPHONEOS_DEPLOYMENT_TARGET = 12.4;
				MTL_ENABLE_DEBUG_INFO = INCLUDE_SOURCE;
				MTL_FAST_MATH = YES;
				ONLY_ACTIVE_ARCH = YES;
				SDKROOT = iphoneos;
				SWIFT_ACTIVE_COMPILATION_CONDITIONS = DEBUG;
				SWIFT_OPTIMIZATION_LEVEL = "-Onone";
			};
			name = Debug;
		};
		666412B62318AFA800E12330 /* Release */ = {
			isa = XCBuildConfiguration;
			buildSettings = {
				ALWAYS_SEARCH_USER_PATHS = NO;
				CLANG_ANALYZER_NONNULL = YES;
				CLANG_ANALYZER_NUMBER_OBJECT_CONVERSION = YES_AGGRESSIVE;
				CLANG_CXX_LANGUAGE_STANDARD = "gnu++14";
				CLANG_CXX_LIBRARY = "libc++";
				CLANG_ENABLE_MODULES = YES;
				CLANG_ENABLE_OBJC_ARC = YES;
				CLANG_ENABLE_OBJC_WEAK = YES;
				CLANG_WARN_BLOCK_CAPTURE_AUTORELEASING = YES;
				CLANG_WARN_BOOL_CONVERSION = YES;
				CLANG_WARN_COMMA = YES;
				CLANG_WARN_CONSTANT_CONVERSION = YES;
				CLANG_WARN_DEPRECATED_OBJC_IMPLEMENTATIONS = YES;
				CLANG_WARN_DIRECT_OBJC_ISA_USAGE = YES_ERROR;
				CLANG_WARN_DOCUMENTATION_COMMENTS = YES;
				CLANG_WARN_EMPTY_BODY = YES;
				CLANG_WARN_ENUM_CONVERSION = YES;
				CLANG_WARN_INFINITE_RECURSION = YES;
				CLANG_WARN_INT_CONVERSION = YES;
				CLANG_WARN_NON_LITERAL_NULL_CONVERSION = YES;
				CLANG_WARN_OBJC_IMPLICIT_RETAIN_SELF = YES;
				CLANG_WARN_OBJC_LITERAL_CONVERSION = YES;
				CLANG_WARN_OBJC_ROOT_CLASS = YES_ERROR;
				CLANG_WARN_RANGE_LOOP_ANALYSIS = YES;
				CLANG_WARN_STRICT_PROTOTYPES = YES;
				CLANG_WARN_SUSPICIOUS_MOVE = YES;
				CLANG_WARN_UNGUARDED_AVAILABILITY = YES_AGGRESSIVE;
				CLANG_WARN_UNREACHABLE_CODE = YES;
				CLANG_WARN__DUPLICATE_METHOD_MATCH = YES;
				CODE_SIGN_IDENTITY = "iPhone Developer";
				COPY_PHASE_STRIP = NO;
				DEBUG_INFORMATION_FORMAT = "dwarf-with-dsym";
				ENABLE_NS_ASSERTIONS = NO;
				ENABLE_STRICT_OBJC_MSGSEND = YES;
				GCC_C_LANGUAGE_STANDARD = gnu11;
				GCC_NO_COMMON_BLOCKS = YES;
				GCC_WARN_64_TO_32_BIT_CONVERSION = YES;
				GCC_WARN_ABOUT_RETURN_TYPE = YES_ERROR;
				GCC_WARN_UNDECLARED_SELECTOR = YES;
				GCC_WARN_UNINITIALIZED_AUTOS = YES_AGGRESSIVE;
				GCC_WARN_UNUSED_FUNCTION = YES;
				GCC_WARN_UNUSED_VARIABLE = YES;
				IPHONEOS_DEPLOYMENT_TARGET = 12.4;
				MTL_ENABLE_DEBUG_INFO = NO;
				MTL_FAST_MATH = YES;
				SDKROOT = iphoneos;
				SWIFT_COMPILATION_MODE = wholemodule;
				SWIFT_OPTIMIZATION_LEVEL = "-O";
				VALIDATE_PRODUCT = YES;
			};
			name = Release;
		};
		666412B82318AFA800E12330 /* Debug */ = {
			isa = XCBuildConfiguration;
			buildSettings = {
				ASSETCATALOG_COMPILER_APPICON_NAME = AppIcon;
				CODE_SIGN_STYLE = Automatic;
				DEVELOPMENT_TEAM = HEELB9BVBC;
				INFOPLIST_FILE = PlanCoreData/Info.plist;
				LD_RUNPATH_SEARCH_PATHS = (
					"$(inherited)",
					"@executable_path/Frameworks",
				);
				PRODUCT_BUNDLE_IDENTIFIER = com.prog.creat.EZ.PlanCoreData;
				PRODUCT_NAME = "$(TARGET_NAME)";
				SWIFT_VERSION = 5.0;
				TARGETED_DEVICE_FAMILY = "1,2";
			};
			name = Debug;
		};
		666412B92318AFA800E12330 /* Release */ = {
			isa = XCBuildConfiguration;
			buildSettings = {
				ASSETCATALOG_COMPILER_APPICON_NAME = AppIcon;
				CODE_SIGN_STYLE = Automatic;
				DEVELOPMENT_TEAM = HEELB9BVBC;
				INFOPLIST_FILE = PlanCoreData/Info.plist;
				LD_RUNPATH_SEARCH_PATHS = (
					"$(inherited)",
					"@executable_path/Frameworks",
				);
				PRODUCT_BUNDLE_IDENTIFIER = com.prog.creat.EZ.PlanCoreData;
				PRODUCT_NAME = "$(TARGET_NAME)";
				SWIFT_VERSION = 5.0;
				TARGETED_DEVICE_FAMILY = "1,2";
			};
			name = Release;
		};
/* End XCBuildConfiguration section */

/* Begin XCConfigurationList section */
		6664129D2318AFA700E12330 /* Build configuration list for PBXProject "PlanCoreData" */ = {
			isa = XCConfigurationList;
			buildConfigurations = (
				666412B52318AFA800E12330 /* Debug */,
				666412B62318AFA800E12330 /* Release */,
			);
			defaultConfigurationIsVisible = 0;
			defaultConfigurationName = Release;
		};
		666412B72318AFA800E12330 /* Build configuration list for PBXNativeTarget "PlanCoreData" */ = {
			isa = XCConfigurationList;
			buildConfigurations = (
				666412B82318AFA800E12330 /* Debug */,
				666412B92318AFA800E12330 /* Release */,
			);
			defaultConfigurationIsVisible = 0;
			defaultConfigurationName = Release;
		};
/* End XCConfigurationList section */

/* Begin XCVersionGroup section */
		666412AC2318AFA700E12330 /* PlanCoreData.xcdatamodeld */ = {
			isa = XCVersionGroup;
			children = (
				666412AD2318AFA700E12330 /* PlanCoreData.xcdatamodel */,
			);
			currentVersion = 666412AD2318AFA700E12330 /* PlanCoreData.xcdatamodel */;
			path = PlanCoreData.xcdatamodeld;
			sourceTree = "<group>";
			versionGroupType = wrapper.xcdatamodel;
		};
/* End XCVersionGroup section */
	};
	rootObject = 6664129A2318AFA700E12330 /* Project object */;
}
